// !$*UTF8*$!
{
	archiveVersion = 1;
	classes = {
	};
	objectVersion = 56;
	objects = {

/* Begin PBXBuildFile section */
		1848947E2C998D3A004C5940 /* MrLoginApp.swift in Sources */ = {isa = PBXBuildFile; fileRef = 1848947D2C998D3A004C5940 /* MrLoginApp.swift */; };
		184894802C998D3A004C5940 /* ContentView.swift in Sources */ = {isa = PBXBuildFile; fileRef = 1848947F2C998D3A004C5940 /* ContentView.swift */; };
		184894822C998D3C004C5940 /* Assets.xcassets in Resources */ = {isa = PBXBuildFile; fileRef = 184894812C998D3C004C5940 /* Assets.xcassets */; };
		184894852C998D3C004C5940 /* Preview Assets.xcassets in Resources */ = {isa = PBXBuildFile; fileRef = 184894842C998D3C004C5940 /* Preview Assets.xcassets */; };
		1848948D2C998DC3004C5940 /* APIManager.swift in Sources */ = {isa = PBXBuildFile; fileRef = 1848948C2C998DC3004C5940 /* APIManager.swift */; };
		184894902C998EA9004C5940 /* AppStrings.swift in Sources */ = {isa = PBXBuildFile; fileRef = 1848948F2C998EA9004C5940 /* AppStrings.swift */; };
		184894932C99916A004C5940 /* User.swift in Sources */ = {isa = PBXBuildFile; fileRef = 184894922C99916A004C5940 /* User.swift */; };
		184894962C9992C1004C5940 /* LoginViewModel.swift in Sources */ = {isa = PBXBuildFile; fileRef = 184894952C9992C1004C5940 /* LoginViewModel.swift */; };
		184894982C9994EC004C5940 /* LoginView.swift in Sources */ = {isa = PBXBuildFile; fileRef = 184894972C9994EC004C5940 /* LoginView.swift */; };
		1848949B2C9995B3004C5940 /* MrInputField.swift in Sources */ = {isa = PBXBuildFile; fileRef = 1848949A2C9995B3004C5940 /* MrInputField.swift */; };
		1848949D2C999954004C5940 /* MrButton.swift in Sources */ = {isa = PBXBuildFile; fileRef = 1848949C2C999954004C5940 /* MrButton.swift */; };
		1848949F2C999F5C004C5940 /* MrThemeView.swift in Sources */ = {isa = PBXBuildFile; fileRef = 1848949E2C999F5C004C5940 /* MrThemeView.swift */; };
		184894A12C99A009004C5940 /* ProfileView.swift in Sources */ = {isa = PBXBuildFile; fileRef = 184894A02C99A009004C5940 /* ProfileView.swift */; };
/* End PBXBuildFile section */

/* Begin PBXFileReference section */
		1848947A2C998D3A004C5940 /* MrLogin.app */ = {isa = PBXFileReference; explicitFileType = wrapper.application; includeInIndex = 0; path = MrLogin.app; sourceTree = BUILT_PRODUCTS_DIR; };
		1848947D2C998D3A004C5940 /* MrLoginApp.swift */ = {isa = PBXFileReference; lastKnownFileType = sourcecode.swift; path = MrLoginApp.swift; sourceTree = "<group>"; };
		1848947F2C998D3A004C5940 /* ContentView.swift */ = {isa = PBXFileReference; lastKnownFileType = sourcecode.swift; path = ContentView.swift; sourceTree = "<group>"; };
		184894812C998D3C004C5940 /* Assets.xcassets */ = {isa = PBXFileReference; lastKnownFileType = folder.assetcatalog; path = Assets.xcassets; sourceTree = "<group>"; };
		184894842C998D3C004C5940 /* Preview Assets.xcassets */ = {isa = PBXFileReference; lastKnownFileType = folder.assetcatalog; path = "Preview Assets.xcassets"; sourceTree = "<group>"; };
		1848948C2C998DC3004C5940 /* APIManager.swift */ = {isa = PBXFileReference; lastKnownFileType = sourcecode.swift; path = APIManager.swift; sourceTree = "<group>"; };
		1848948F2C998EA9004C5940 /* AppStrings.swift */ = {isa = PBXFileReference; lastKnownFileType = sourcecode.swift; path = AppStrings.swift; sourceTree = "<group>"; };
		184894922C99916A004C5940 /* User.swift */ = {isa = PBXFileReference; lastKnownFileType = sourcecode.swift; path = User.swift; sourceTree = "<group>"; };
		184894952C9992C1004C5940 /* LoginViewModel.swift */ = {isa = PBXFileReference; lastKnownFileType = sourcecode.swift; path = LoginViewModel.swift; sourceTree = "<group>"; };
		184894972C9994EC004C5940 /* LoginView.swift */ = {isa = PBXFileReference; lastKnownFileType = sourcecode.swift; path = LoginView.swift; sourceTree = "<group>"; };
		1848949A2C9995B3004C5940 /* MrInputField.swift */ = {isa = PBXFileReference; lastKnownFileType = sourcecode.swift; path = MrInputField.swift; sourceTree = "<group>"; };
		1848949C2C999954004C5940 /* MrButton.swift */ = {isa = PBXFileReference; lastKnownFileType = sourcecode.swift; path = MrButton.swift; sourceTree = "<group>"; };
		1848949E2C999F5C004C5940 /* MrThemeView.swift */ = {isa = PBXFileReference; lastKnownFileType = sourcecode.swift; path = MrThemeView.swift; sourceTree = "<group>"; };
		184894A02C99A009004C5940 /* ProfileView.swift */ = {isa = PBXFileReference; lastKnownFileType = sourcecode.swift; path = ProfileView.swift; sourceTree = "<group>"; };
/* End PBXFileReference section */

/* Begin PBXFrameworksBuildPhase section */
		184894772C998D3A004C5940 /* Frameworks */ = {
			isa = PBXFrameworksBuildPhase;
			buildActionMask = 2147483647;
			files = (
			);
			runOnlyForDeploymentPostprocessing = 0;
		};
/* End PBXFrameworksBuildPhase section */

/* Begin PBXGroup section */
		184894712C998D3A004C5940 = {
			isa = PBXGroup;
			children = (
				1848947C2C998D3A004C5940 /* MrLogin */,
				1848947B2C998D3A004C5940 /* Products */,
			);
			sourceTree = "<group>";
		};
		1848947B2C998D3A004C5940 /* Products */ = {
			isa = PBXGroup;
			children = (
				1848947A2C998D3A004C5940 /* MrLogin.app */,
			);
			name = Products;
			sourceTree = "<group>";
		};
		1848947C2C998D3A004C5940 /* MrLogin */ = {
			isa = PBXGroup;
			children = (
				184894992C9995A4004C5940 /* Component */,
				184894942C9992B9004C5940 /* ViewModel */,
				184894912C99914E004C5940 /* Model */,
				1848948E2C998E97004C5940 /* Utility */,
				1848948B2C998D54004C5940 /* Service */,
				1848947D2C998D3A004C5940 /* MrLoginApp.swift */,
				1848947F2C998D3A004C5940 /* ContentView.swift */,
				184894972C9994EC004C5940 /* LoginView.swift */,
				184894A02C99A009004C5940 /* ProfileView.swift */,
				184894812C998D3C004C5940 /* Assets.xcassets */,
				184894832C998D3C004C5940 /* Preview Content */,
			);
			path = MrLogin;
			sourceTree = "<group>";
		};
		184894832C998D3C004C5940 /* Preview Content */ = {
			isa = PBXGroup;
			children = (
				184894842C998D3C004C5940 /* Preview Assets.xcassets */,
			);
			path = "Preview Content";
			sourceTree = "<group>";
		};
		1848948B2C998D54004C5940 /* Service */ = {
			isa = PBXGroup;
			children = (
				1848948C2C998DC3004C5940 /* APIManager.swift */,
			);
			path = Service;
			sourceTree = "<group>";
		};
		1848948E2C998E97004C5940 /* Utility */ = {
			isa = PBXGroup;
			children = (
				1848948F2C998EA9004C5940 /* AppStrings.swift */,
			);
			path = Utility;
			sourceTree = "<group>";
		};
		184894912C99914E004C5940 /* Model */ = {
			isa = PBXGroup;
			children = (
				184894922C99916A004C5940 /* User.swift */,
			);
			path = Model;
			sourceTree = "<group>";
		};
		184894942C9992B9004C5940 /* ViewModel */ = {
			isa = PBXGroup;
			children = (
				184894952C9992C1004C5940 /* LoginViewModel.swift */,
			);
			path = ViewModel;
			sourceTree = "<group>";
		};
		184894992C9995A4004C5940 /* Component */ = {
			isa = PBXGroup;
			children = (
				1848949A2C9995B3004C5940 /* MrInputField.swift */,
				1848949C2C999954004C5940 /* MrButton.swift */,
				1848949E2C999F5C004C5940 /* MrThemeView.swift */,
			);
			path = Component;
			sourceTree = "<group>";
		};
/* End PBXGroup section */

/* Begin PBXNativeTarget section */
		184894792C998D3A004C5940 /* MrLogin */ = {
			isa = PBXNativeTarget;
			buildConfigurationList = 184894882C998D3C004C5940 /* Build configuration list for PBXNativeTarget "MrLogin" */;
			buildPhases = (
				184894762C998D3A004C5940 /* Sources */,
				184894772C998D3A004C5940 /* Frameworks */,
				184894782C998D3A004C5940 /* Resources */,
			);
			buildRules = (
			);
			dependencies = (
			);
			name = MrLogin;
			productName = MrLogin;
			productReference = 1848947A2C998D3A004C5940 /* MrLogin.app */;
			productType = "com.apple.product-type.application";
		};
/* End PBXNativeTarget section */

/* Begin PBXProject section */
		184894722C998D3A004C5940 /* Project object */ = {
			isa = PBXProject;
			attributes = {
				BuildIndependentTargetsInParallel = 1;
				LastSwiftUpdateCheck = 1510;
				LastUpgradeCheck = 1510;
				TargetAttributes = {
					184894792C998D3A004C5940 = {
						CreatedOnToolsVersion = 15.1;
					};
				};
			};
			buildConfigurationList = 184894752C998D3A004C5940 /* Build configuration list for PBXProject "MrLogin" */;
			compatibilityVersion = "Xcode 14.0";
			developmentRegion = en;
			hasScannedForEncodings = 0;
			knownRegions = (
				en,
				Base,
			);
			mainGroup = 184894712C998D3A004C5940;
			productRefGroup = 1848947B2C998D3A004C5940 /* Products */;
			projectDirPath = "";
			projectRoot = "";
			targets = (
				184894792C998D3A004C5940 /* MrLogin */,
			);
		};
/* End PBXProject section */

/* Begin PBXResourcesBuildPhase section */
		184894782C998D3A004C5940 /* Resources */ = {
			isa = PBXResourcesBuildPhase;
			buildActionMask = 2147483647;
			files = (
				184894852C998D3C004C5940 /* Preview Assets.xcassets in Resources */,
				184894822C998D3C004C5940 /* Assets.xcassets in Resources */,
			);
			runOnlyForDeploymentPostprocessing = 0;
		};
/* End PBXResourcesBuildPhase section */

/* Begin PBXSourcesBuildPhase section */
		184894762C998D3A004C5940 /* Sources */ = {
			isa = PBXSourcesBuildPhase;
			buildActionMask = 2147483647;
			files = (
				1848949B2C9995B3004C5940 /* MrInputField.swift in Sources */,
				1848948D2C998DC3004C5940 /* APIManager.swift in Sources */,
				184894982C9994EC004C5940 /* LoginView.swift in Sources */,
				1848949F2C999F5C004C5940 /* MrThemeView.swift in Sources */,
				184894802C998D3A004C5940 /* ContentView.swift in Sources */,
				1848949D2C999954004C5940 /* MrButton.swift in Sources */,
				184894962C9992C1004C5940 /* LoginViewModel.swift in Sources */,
				184894902C998EA9004C5940 /* AppStrings.swift in Sources */,
				184894932C99916A004C5940 /* User.swift in Sources */,
				184894A12C99A009004C5940 /* ProfileView.swift in Sources */,
				1848947E2C998D3A004C5940 /* MrLoginApp.swift in Sources */,
			);
			runOnlyForDeploymentPostprocessing = 0;
		};
/* End PBXSourcesBuildPhase section */

/* Begin XCBuildConfiguration section */
		184894862C998D3C004C5940 /* Debug */ = {
			isa = XCBuildConfiguration;
			buildSettings = {
				ALWAYS_SEARCH_USER_PATHS = NO;
				ASSETCATALOG_COMPILER_GENERATE_SWIFT_ASSET_SYMBOL_EXTENSIONS = YES;
				CLANG_ANALYZER_NONNULL = YES;
				CLANG_ANALYZER_NUMBER_OBJECT_CONVERSION = YES_AGGRESSIVE;
				CLANG_CXX_LANGUAGE_STANDARD = "gnu++20";
				CLANG_ENABLE_MODULES = YES;
				CLANG_ENABLE_OBJC_ARC = YES;
				CLANG_ENABLE_OBJC_WEAK = YES;
				CLANG_WARN_BLOCK_CAPTURE_AUTORELEASING = YES;
				CLANG_WARN_BOOL_CONVERSION = YES;
				CLANG_WARN_COMMA = YES;
				CLANG_WARN_CONSTANT_CONVERSION = YES;
				CLANG_WARN_DEPRECATED_OBJC_IMPLEMENTATIONS = YES;
				CLANG_WARN_DIRECT_OBJC_ISA_USAGE = YES_ERROR;
				CLANG_WARN_DOCUMENTATION_COMMENTS = YES;
				CLANG_WARN_EMPTY_BODY = YES;
				CLANG_WARN_ENUM_CONVERSION = YES;
				CLANG_WARN_INFINITE_RECURSION = YES;
				CLANG_WARN_INT_CONVERSION = YES;
				CLANG_WARN_NON_LITERAL_NULL_CONVERSION = YES;
				CLANG_WARN_OBJC_IMPLICIT_RETAIN_SELF = YES;
				CLANG_WARN_OBJC_LITERAL_CONVERSION = YES;
				CLANG_WARN_OBJC_ROOT_CLASS = YES_ERROR;
				CLANG_WARN_QUOTED_INCLUDE_IN_FRAMEWORK_HEADER = YES;
				CLANG_WARN_RANGE_LOOP_ANALYSIS = YES;
				CLANG_WARN_STRICT_PROTOTYPES = YES;
				CLANG_WARN_SUSPICIOUS_MOVE = YES;
				CLANG_WARN_UNGUARDED_AVAILABILITY = YES_AGGRESSIVE;
				CLANG_WARN_UNREACHABLE_CODE = YES;
				CLANG_WARN__DUPLICATE_METHOD_MATCH = YES;
				COPY_PHASE_STRIP = NO;
				DEBUG_INFORMATION_FORMAT = dwarf;
				ENABLE_STRICT_OBJC_MSGSEND = YES;
				ENABLE_TESTABILITY = YES;
				ENABLE_USER_SCRIPT_SANDBOXING = YES;
				GCC_C_LANGUAGE_STANDARD = gnu17;
				GCC_DYNAMIC_NO_PIC = NO;
				GCC_NO_COMMON_BLOCKS = YES;
				GCC_OPTIMIZATION_LEVEL = 0;
				GCC_PREPROCESSOR_DEFINITIONS = (
					"DEBUG=1",
					"$(inherited)",
				);
				GCC_WARN_64_TO_32_BIT_CONVERSION = YES;
				GCC_WARN_ABOUT_RETURN_TYPE = YES_ERROR;
				GCC_WARN_UNDECLARED_SELECTOR = YES;
				GCC_WARN_UNINITIALIZED_AUTOS = YES_AGGRESSIVE;
				GCC_WARN_UNUSED_FUNCTION = YES;
				GCC_WARN_UNUSED_VARIABLE = YES;
				IPHONEOS_DEPLOYMENT_TARGET = 17.2;
				LOCALIZATION_PREFERS_STRING_CATALOGS = YES;
				MTL_ENABLE_DEBUG_INFO = INCLUDE_SOURCE;
				MTL_FAST_MATH = YES;
				ONLY_ACTIVE_ARCH = YES;
				SDKROOT = iphoneos;
				SWIFT_ACTIVE_COMPILATION_CONDITIONS = "DEBUG $(inherited)";
				SWIFT_OPTIMIZATION_LEVEL = "-Onone";
			};
			name = Debug;
		};
		184894872C998D3C004C5940 /* Release */ = {
			isa = XCBuildConfiguration;
			buildSettings = {
				ALWAYS_SEARCH_USER_PATHS = NO;
				ASSETCATALOG_COMPILER_GENERATE_SWIFT_ASSET_SYMBOL_EXTENSIONS = YES;
				CLANG_ANALYZER_NONNULL = YES;
				CLANG_ANALYZER_NUMBER_OBJECT_CONVERSION = YES_AGGRESSIVE;
				CLANG_CXX_LANGUAGE_STANDARD = "gnu++20";
				CLANG_ENABLE_MODULES = YES;
				CLANG_ENABLE_OBJC_ARC = YES;
				CLANG_ENABLE_OBJC_WEAK = YES;
				CLANG_WARN_BLOCK_CAPTURE_AUTORELEASING = YES;
				CLANG_WARN_BOOL_CONVERSION = YES;
				CLANG_WARN_COMMA = YES;
				CLANG_WARN_CONSTANT_CONVERSION = YES;
				CLANG_WARN_DEPRECATED_OBJC_IMPLEMENTATIONS = YES;
				CLANG_WARN_DIRECT_OBJC_ISA_USAGE = YES_ERROR;
				CLANG_WARN_DOCUMENTATION_COMMENTS = YES;
				CLANG_WARN_EMPTY_BODY = YES;
				CLANG_WARN_ENUM_CONVERSION = YES;
				CLANG_WARN_INFINITE_RECURSION = YES;
				CLANG_WARN_INT_CONVERSION = YES;
				CLANG_WARN_NON_LITERAL_NULL_CONVERSION = YES;
				CLANG_WARN_OBJC_IMPLICIT_RETAIN_SELF = YES;
				CLANG_WARN_OBJC_LITERAL_CONVERSION = YES;
				CLANG_WARN_OBJC_ROOT_CLASS = YES_ERROR;
				CLANG_WARN_QUOTED_INCLUDE_IN_FRAMEWORK_HEADER = YES;
				CLANG_WARN_RANGE_LOOP_ANALYSIS = YES;
				CLANG_WARN_STRICT_PROTOTYPES = YES;
				CLANG_WARN_SUSPICIOUS_MOVE = YES;
				CLANG_WARN_UNGUARDED_AVAILABILITY = YES_AGGRESSIVE;
				CLANG_WARN_UNREACHABLE_CODE = YES;
				CLANG_WARN__DUPLICATE_METHOD_MATCH = YES;
				COPY_PHASE_STRIP = NO;
				DEBUG_INFORMATION_FORMAT = "dwarf-with-dsym";
				ENABLE_NS_ASSERTIONS = NO;
				ENABLE_STRICT_OBJC_MSGSEND = YES;
				ENABLE_USER_SCRIPT_SANDBOXING = YES;
				GCC_C_LANGUAGE_STANDARD = gnu17;
				GCC_NO_COMMON_BLOCKS = YES;
				GCC_WARN_64_TO_32_BIT_CONVERSION = YES;
				GCC_WARN_ABOUT_RETURN_TYPE = YES_ERROR;
				GCC_WARN_UNDECLARED_SELECTOR = YES;
				GCC_WARN_UNINITIALIZED_AUTOS = YES_AGGRESSIVE;
				GCC_WARN_UNUSED_FUNCTION = YES;
				GCC_WARN_UNUSED_VARIABLE = YES;
				IPHONEOS_DEPLOYMENT_TARGET = 17.2;
				LOCALIZATION_PREFERS_STRING_CATALOGS = YES;
				MTL_ENABLE_DEBUG_INFO = NO;
				MTL_FAST_MATH = YES;
				SDKROOT = iphoneos;
				SWIFT_COMPILATION_MODE = wholemodule;
				VALIDATE_PRODUCT = YES;
			};
			name = Release;
		};
		184894892C998D3C004C5940 /* Debug */ = {
			isa = XCBuildConfiguration;
			buildSettings = {
				ASSETCATALOG_COMPILER_APPICON_NAME = AppIcon;
				ASSETCATALOG_COMPILER_GLOBAL_ACCENT_COLOR_NAME = AccentColor;
				CODE_SIGN_STYLE = Automatic;
				CURRENT_PROJECT_VERSION = 1;
				DEVELOPMENT_ASSET_PATHS = "\"MrLogin/Preview Content\"";
				ENABLE_PREVIEWS = YES;
				GENERATE_INFOPLIST_FILE = YES;
				INFOPLIST_KEY_UIApplicationSceneManifest_Generation = YES;
				INFOPLIST_KEY_UIApplicationSupportsIndirectInputEvents = YES;
				INFOPLIST_KEY_UILaunchScreen_Generation = YES;
				INFOPLIST_KEY_UISupportedInterfaceOrientations_iPad = "UIInterfaceOrientationPortrait UIInterfaceOrientationPortraitUpsideDown UIInterfaceOrientationLandscapeLeft UIInterfaceOrientationLandscapeRight";
				INFOPLIST_KEY_UISupportedInterfaceOrientations_iPhone = "UIInterfaceOrientationPortrait UIInterfaceOrientationLandscapeLeft UIInterfaceOrientationLandscapeRight";
				INFOPLIST_KEY_UIUserInterfaceStyle = Light;
				LD_RUNPATH_SEARCH_PATHS = (
					"$(inherited)",
					"@executable_path/Frameworks",
				);
				MARKETING_VERSION = 1.0;
				PRODUCT_BUNDLE_IDENTIFIER = com.app.MrLogin;
				PRODUCT_NAME = "$(TARGET_NAME)";
				SWIFT_EMIT_LOC_STRINGS = YES;
				SWIFT_VERSION = 5.0;
				TARGETED_DEVICE_FAMILY = "1,2";
			};
			name = Debug;
		};
		1848948A2C998D3C004C5940 /* Release */ = {
			isa = XCBuildConfiguration;
			buildSettings = {
				ASSETCATALOG_COMPILER_APPICON_NAME = AppIcon;
				ASSETCATALOG_COMPILER_GLOBAL_ACCENT_COLOR_NAME = AccentColor;
				CODE_SIGN_STYLE = Automatic;
				CURRENT_PROJECT_VERSION = 1;
				DEVELOPMENT_ASSET_PATHS = "\"MrLogin/Preview Content\"";
				ENABLE_PREVIEWS = YES;
				GENERATE_INFOPLIST_FILE = YES;
				INFOPLIST_KEY_UIApplicationSceneManifest_Generation = YES;
				INFOPLIST_KEY_UIApplicationSupportsIndirectInputEvents = YES;
				INFOPLIST_KEY_UILaunchScreen_Generation = YES;
				INFOPLIST_KEY_UISupportedInterfaceOrientations_iPad = "UIInterfaceOrientationPortrait UIInterfaceOrientationPortraitUpsideDown UIInterfaceOrientationLandscapeLeft UIInterfaceOrientationLandscapeRight";
				INFOPLIST_KEY_UISupportedInterfaceOrientations_iPhone = "UIInterfaceOrientationPortrait UIInterfaceOrientationLandscapeLeft UIInterfaceOrientationLandscapeRight";
				INFOPLIST_KEY_UIUserInterfaceStyle = Light;
				LD_RUNPATH_SEARCH_PATHS = (
					"$(inherited)",
					"@executable_path/Frameworks",
				);
				MARKETING_VERSION = 1.0;
				PRODUCT_BUNDLE_IDENTIFIER = com.app.MrLogin;
				PRODUCT_NAME = "$(TARGET_NAME)";
				SWIFT_EMIT_LOC_STRINGS = YES;
				SWIFT_VERSION = 5.0;
				TARGETED_DEVICE_FAMILY = "1,2";
			};
			name = Release;
		};
/* End XCBuildConfiguration section */

/* Begin XCConfigurationList section */
		184894752C998D3A004C5940 /* Build configuration list for PBXProject "MrLogin" */ = {
			isa = XCConfigurationList;
			buildConfigurations = (
				184894862C998D3C004C5940 /* Debug */,
				184894872C998D3C004C5940 /* Release */,
			);
			defaultConfigurationIsVisible = 0;
			defaultConfigurationName = Release;
		};
		184894882C998D3C004C5940 /* Build configuration list for PBXNativeTarget "MrLogin" */ = {
			isa = XCConfigurationList;
			buildConfigurations = (
				184894892C998D3C004C5940 /* Debug */,
				1848948A2C998D3C004C5940 /* Release */,
			);
			defaultConfigurationIsVisible = 0;
			defaultConfigurationName = Release;
		};
/* End XCConfigurationList section */
	};
	rootObject = 184894722C998D3A004C5940 /* Project object */;
}
